// !$*UTF8*$!
{
	archiveVersion = 1;
	classes = {
	};
	objectVersion = 55;
	objects = {

/* Begin PBXBuildFile section */
		78891746AB698A9447538097 /* Pods_TestDeliveryApp.framework in Frameworks */ = {isa = PBXBuildFile; fileRef = 3794F3606F87FB192999C86A /* Pods_TestDeliveryApp.framework */; };
		84E112F929DC43D9007A9056 /* AppDelegate.swift in Sources */ = {isa = PBXBuildFile; fileRef = 84E112F829DC43D9007A9056 /* AppDelegate.swift */; };
		84E1130229DC43DA007A9056 /* Assets.xcassets in Resources */ = {isa = PBXBuildFile; fileRef = 84E1130129DC43DA007A9056 /* Assets.xcassets */; };
		84E1130529DC43DA007A9056 /* LaunchScreen.storyboard in Resources */ = {isa = PBXBuildFile; fileRef = 84E1130329DC43DA007A9056 /* LaunchScreen.storyboard */; };
		84E1131129DC44F2007A9056 /* BannersConstant.swift in Sources */ = {isa = PBXBuildFile; fileRef = 84E1131029DC44F2007A9056 /* BannersConstant.swift */; };
		84E1131329DC4518007A9056 /* MenuConstants.swift in Sources */ = {isa = PBXBuildFile; fileRef = 84E1131229DC4518007A9056 /* MenuConstants.swift */; };
		84E1131529DC453D007A9056 /* Errors.swift in Sources */ = {isa = PBXBuildFile; fileRef = 84E1131429DC453D007A9056 /* Errors.swift */; };
		84E1131729DC4557007A9056 /* Categories.swift in Sources */ = {isa = PBXBuildFile; fileRef = 84E1131629DC4557007A9056 /* Categories.swift */; };
		84E1131929DC4561007A9056 /* Meal.swift in Sources */ = {isa = PBXBuildFile; fileRef = 84E1131829DC4561007A9056 /* Meal.swift */; };
		84E1131B29DC456B007A9056 /* MealDetails.swift in Sources */ = {isa = PBXBuildFile; fileRef = 84E1131A29DC456B007A9056 /* MealDetails.swift */; };
		84E1132129DC45FB007A9056 /* IViewControllers.swift in Sources */ = {isa = PBXBuildFile; fileRef = 84E1132029DC45FB007A9056 /* IViewControllers.swift */; };
		84E1132329DC4606007A9056 /* TabBarViewController.swift in Sources */ = {isa = PBXBuildFile; fileRef = 84E1132229DC4606007A9056 /* TabBarViewController.swift */; };
		84E1132529DC465E007A9056 /* CartViewController.swift in Sources */ = {isa = PBXBuildFile; fileRef = 84E1132429DC465E007A9056 /* CartViewController.swift */; };
		84E1132729DC467D007A9056 /* ContactsViewController.swift in Sources */ = {isa = PBXBuildFile; fileRef = 84E1132629DC467D007A9056 /* ContactsViewController.swift */; };
		84E1132929DC469E007A9056 /* ProfileViewController.swift in Sources */ = {isa = PBXBuildFile; fileRef = 84E1132829DC469E007A9056 /* ProfileViewController.swift */; };
		84E1132C29DC46D4007A9056 /* BannersCollectionViewCell.swift in Sources */ = {isa = PBXBuildFile; fileRef = 84E1132B29DC46D4007A9056 /* BannersCollectionViewCell.swift */; };
		84E1132E29DC476F007A9056 /* MenuBuilder.swift in Sources */ = {isa = PBXBuildFile; fileRef = 84E1132D29DC476F007A9056 /* MenuBuilder.swift */; };
		84E1133029DC478A007A9056 /* MenuPresenter.swift in Sources */ = {isa = PBXBuildFile; fileRef = 84E1132F29DC478A007A9056 /* MenuPresenter.swift */; };
		84E1133229DC47A7007A9056 /* MenuViewController.swift in Sources */ = {isa = PBXBuildFile; fileRef = 84E1133129DC47A7007A9056 /* MenuViewController.swift */; };
		84E1133429DC4872007A9056 /* NetworkService.swift in Sources */ = {isa = PBXBuildFile; fileRef = 84E1133329DC4872007A9056 /* NetworkService.swift */; };
		84E1133629DC4892007A9056 /* StartService.swift in Sources */ = {isa = PBXBuildFile; fileRef = 84E1133529DC4892007A9056 /* StartService.swift */; };
		84E1133829DC4B37007A9056 /* CategoriesCollectionViewCell.swift in Sources */ = {isa = PBXBuildFile; fileRef = 84E1133729DC4B37007A9056 /* CategoriesCollectionViewCell.swift */; };
/* End PBXBuildFile section */

/* Begin PBXFileReference section */
		2CD9DF40C210F58270516DD1 /* Pods-TestDeliveryApp.release.xcconfig */ = {isa = PBXFileReference; includeInIndex = 1; lastKnownFileType = text.xcconfig; name = "Pods-TestDeliveryApp.release.xcconfig"; path = "Target Support Files/Pods-TestDeliveryApp/Pods-TestDeliveryApp.release.xcconfig"; sourceTree = "<group>"; };
		3794F3606F87FB192999C86A /* Pods_TestDeliveryApp.framework */ = {isa = PBXFileReference; explicitFileType = wrapper.framework; includeInIndex = 0; path = Pods_TestDeliveryApp.framework; sourceTree = BUILT_PRODUCTS_DIR; };
		84E112F529DC43D9007A9056 /* TestDeliveryApp.app */ = {isa = PBXFileReference; explicitFileType = wrapper.application; includeInIndex = 0; path = TestDeliveryApp.app; sourceTree = BUILT_PRODUCTS_DIR; };
		84E112F829DC43D9007A9056 /* AppDelegate.swift */ = {isa = PBXFileReference; lastKnownFileType = sourcecode.swift; path = AppDelegate.swift; sourceTree = "<group>"; };
		84E1130129DC43DA007A9056 /* Assets.xcassets */ = {isa = PBXFileReference; lastKnownFileType = folder.assetcatalog; path = Assets.xcassets; sourceTree = "<group>"; };
		84E1130429DC43DA007A9056 /* Base */ = {isa = PBXFileReference; lastKnownFileType = file.storyboard; name = Base; path = Base.lproj/LaunchScreen.storyboard; sourceTree = "<group>"; };
		84E1130629DC43DA007A9056 /* Info.plist */ = {isa = PBXFileReference; lastKnownFileType = text.plist.xml; path = Info.plist; sourceTree = "<group>"; };
		84E1131029DC44F2007A9056 /* BannersConstant.swift */ = {isa = PBXFileReference; lastKnownFileType = sourcecode.swift; path = BannersConstant.swift; sourceTree = "<group>"; };
		84E1131229DC4518007A9056 /* MenuConstants.swift */ = {isa = PBXFileReference; lastKnownFileType = sourcecode.swift; path = MenuConstants.swift; sourceTree = "<group>"; };
		84E1131429DC453D007A9056 /* Errors.swift */ = {isa = PBXFileReference; lastKnownFileType = sourcecode.swift; path = Errors.swift; sourceTree = "<group>"; };
		84E1131629DC4557007A9056 /* Categories.swift */ = {isa = PBXFileReference; lastKnownFileType = sourcecode.swift; path = Categories.swift; sourceTree = "<group>"; };
		84E1131829DC4561007A9056 /* Meal.swift */ = {isa = PBXFileReference; lastKnownFileType = sourcecode.swift; path = Meal.swift; sourceTree = "<group>"; };
		84E1131A29DC456B007A9056 /* MealDetails.swift */ = {isa = PBXFileReference; lastKnownFileType = sourcecode.swift; path = MealDetails.swift; sourceTree = "<group>"; };
		84E1132029DC45FB007A9056 /* IViewControllers.swift */ = {isa = PBXFileReference; lastKnownFileType = sourcecode.swift; path = IViewControllers.swift; sourceTree = "<group>"; };
		84E1132229DC4606007A9056 /* TabBarViewController.swift */ = {isa = PBXFileReference; lastKnownFileType = sourcecode.swift; path = TabBarViewController.swift; sourceTree = "<group>"; };
		84E1132429DC465E007A9056 /* CartViewController.swift */ = {isa = PBXFileReference; lastKnownFileType = sourcecode.swift; path = CartViewController.swift; sourceTree = "<group>"; };
		84E1132629DC467D007A9056 /* ContactsViewController.swift */ = {isa = PBXFileReference; lastKnownFileType = sourcecode.swift; path = ContactsViewController.swift; sourceTree = "<group>"; };
		84E1132829DC469E007A9056 /* ProfileViewController.swift */ = {isa = PBXFileReference; lastKnownFileType = sourcecode.swift; path = ProfileViewController.swift; sourceTree = "<group>"; };
		84E1132B29DC46D4007A9056 /* BannersCollectionViewCell.swift */ = {isa = PBXFileReference; lastKnownFileType = sourcecode.swift; path = BannersCollectionViewCell.swift; sourceTree = "<group>"; };
		84E1132D29DC476F007A9056 /* MenuBuilder.swift */ = {isa = PBXFileReference; lastKnownFileType = sourcecode.swift; path = MenuBuilder.swift; sourceTree = "<group>"; };
		84E1132F29DC478A007A9056 /* MenuPresenter.swift */ = {isa = PBXFileReference; lastKnownFileType = sourcecode.swift; path = MenuPresenter.swift; sourceTree = "<group>"; };
		84E1133129DC47A7007A9056 /* MenuViewController.swift */ = {isa = PBXFileReference; lastKnownFileType = sourcecode.swift; path = MenuViewController.swift; sourceTree = "<group>"; };
		84E1133329DC4872007A9056 /* NetworkService.swift */ = {isa = PBXFileReference; lastKnownFileType = sourcecode.swift; path = NetworkService.swift; sourceTree = "<group>"; };
		84E1133529DC4892007A9056 /* StartService.swift */ = {isa = PBXFileReference; lastKnownFileType = sourcecode.swift; path = StartService.swift; sourceTree = "<group>"; };
		84E1133729DC4B37007A9056 /* CategoriesCollectionViewCell.swift */ = {isa = PBXFileReference; lastKnownFileType = sourcecode.swift; path = CategoriesCollectionViewCell.swift; sourceTree = "<group>"; };
		E9720291103F6A62F37B06FD /* Pods-TestDeliveryApp.debug.xcconfig */ = {isa = PBXFileReference; includeInIndex = 1; lastKnownFileType = text.xcconfig; name = "Pods-TestDeliveryApp.debug.xcconfig"; path = "Target Support Files/Pods-TestDeliveryApp/Pods-TestDeliveryApp.debug.xcconfig"; sourceTree = "<group>"; };
/* End PBXFileReference section */

/* Begin PBXFrameworksBuildPhase section */
		84E112F229DC43D9007A9056 /* Frameworks */ = {
			isa = PBXFrameworksBuildPhase;
			buildActionMask = 2147483647;
			files = (
				78891746AB698A9447538097 /* Pods_TestDeliveryApp.framework in Frameworks */,
			);
			runOnlyForDeploymentPostprocessing = 0;
		};
/* End PBXFrameworksBuildPhase section */

/* Begin PBXGroup section */
		84E112EC29DC43D9007A9056 = {
			isa = PBXGroup;
			children = (
				84E112F729DC43D9007A9056 /* TestDeliveryApp */,
				84E112F629DC43D9007A9056 /* Products */,
				D9E256CCDE5C396448BC8E11 /* Pods */,
				8F5E581006A7CDBBC04CEF42 /* Frameworks */,
			);
			sourceTree = "<group>";
		};
		84E112F629DC43D9007A9056 /* Products */ = {
			isa = PBXGroup;
			children = (
				84E112F529DC43D9007A9056 /* TestDeliveryApp.app */,
			);
			name = Products;
			sourceTree = "<group>";
		};
		84E112F729DC43D9007A9056 /* TestDeliveryApp */ = {
			isa = PBXGroup;
			children = (
				84E1130F29DC44D6007A9056 /* Constants */,
				84E1130E29DC44CE007A9056 /* Models */,
				84E1130D29DC44C5007A9056 /* Modules */,
				84E1130C29DC44B8007A9056 /* Services */,
				84E112F829DC43D9007A9056 /* AppDelegate.swift */,
				84E1130129DC43DA007A9056 /* Assets.xcassets */,
				84E1130329DC43DA007A9056 /* LaunchScreen.storyboard */,
				84E1130629DC43DA007A9056 /* Info.plist */,
			);
			path = TestDeliveryApp;
			sourceTree = "<group>";
		};
		84E1130C29DC44B8007A9056 /* Services */ = {
			isa = PBXGroup;
			children = (
				84E1131429DC453D007A9056 /* Errors.swift */,
				84E1133329DC4872007A9056 /* NetworkService.swift */,
				84E1133529DC4892007A9056 /* StartService.swift */,
			);
			path = Services;
			sourceTree = "<group>";
		};
		84E1130D29DC44C5007A9056 /* Modules */ = {
			isa = PBXGroup;
			children = (
				84E1131F29DC45EE007A9056 /* Profile */,
				84E1131D29DC45DF007A9056 /* Contacts */,
				84E1131C29DC45CB007A9056 /* Cart */,
				84E1131E29DC45E7007A9056 /* Menu */,
				84E1132029DC45FB007A9056 /* IViewControllers.swift */,
				84E1132229DC4606007A9056 /* TabBarViewController.swift */,
			);
			path = Modules;
			sourceTree = "<group>";
		};
		84E1130E29DC44CE007A9056 /* Models */ = {
			isa = PBXGroup;
			children = (
				84E1131629DC4557007A9056 /* Categories.swift */,
				84E1131829DC4561007A9056 /* Meal.swift */,
				84E1131A29DC456B007A9056 /* MealDetails.swift */,
			);
			path = Models;
			sourceTree = "<group>";
		};
		84E1130F29DC44D6007A9056 /* Constants */ = {
			isa = PBXGroup;
			children = (
				84E1131029DC44F2007A9056 /* BannersConstant.swift */,
				84E1131229DC4518007A9056 /* MenuConstants.swift */,
			);
			path = Constants;
			sourceTree = "<group>";
		};
		84E1131C29DC45CB007A9056 /* Cart */ = {
			isa = PBXGroup;
			children = (
				84E1132429DC465E007A9056 /* CartViewController.swift */,
			);
			path = Cart;
			sourceTree = "<group>";
		};
		84E1131D29DC45DF007A9056 /* Contacts */ = {
			isa = PBXGroup;
			children = (
				84E1132629DC467D007A9056 /* ContactsViewController.swift */,
			);
			path = Contacts;
			sourceTree = "<group>";
		};
		84E1131E29DC45E7007A9056 /* Menu */ = {
			isa = PBXGroup;
			children = (
				84E1132A29DC46B7007A9056 /* CollectionsCells */,
				84E1132D29DC476F007A9056 /* MenuBuilder.swift */,
				84E1132F29DC478A007A9056 /* MenuPresenter.swift */,
				84E1133129DC47A7007A9056 /* MenuViewController.swift */,
			);
			path = Menu;
			sourceTree = "<group>";
		};
		84E1131F29DC45EE007A9056 /* Profile */ = {
			isa = PBXGroup;
			children = (
				84E1132829DC469E007A9056 /* ProfileViewController.swift */,
			);
			path = Profile;
			sourceTree = "<group>";
		};
		84E1132A29DC46B7007A9056 /* CollectionsCells */ = {
			isa = PBXGroup;
			children = (
				84E1132B29DC46D4007A9056 /* BannersCollectionViewCell.swift */,
				84E1133729DC4B37007A9056 /* CategoriesCollectionViewCell.swift */,
			);
			path = CollectionsCells;
			sourceTree = "<group>";
		};
		8F5E581006A7CDBBC04CEF42 /* Frameworks */ = {
			isa = PBXGroup;
			children = (
				3794F3606F87FB192999C86A /* Pods_TestDeliveryApp.framework */,
			);
			name = Frameworks;
			sourceTree = "<group>";
		};
		D9E256CCDE5C396448BC8E11 /* Pods */ = {
			isa = PBXGroup;
			children = (
				E9720291103F6A62F37B06FD /* Pods-TestDeliveryApp.debug.xcconfig */,
				2CD9DF40C210F58270516DD1 /* Pods-TestDeliveryApp.release.xcconfig */,
			);
			path = Pods;
			sourceTree = "<group>";
		};
/* End PBXGroup section */

/* Begin PBXNativeTarget section */
		84E112F429DC43D9007A9056 /* TestDeliveryApp */ = {
			isa = PBXNativeTarget;
			buildConfigurationList = 84E1130929DC43DA007A9056 /* Build configuration list for PBXNativeTarget "TestDeliveryApp" */;
			buildPhases = (
				BAA2D611F9797BD0C6E6A191 /* [CP] Check Pods Manifest.lock */,
				84E112F129DC43D9007A9056 /* Sources */,
				84E112F229DC43D9007A9056 /* Frameworks */,
				84E112F329DC43D9007A9056 /* Resources */,
				787413300C7EFF5D94009517 /* [CP] Embed Pods Frameworks */,
			);
			buildRules = (
			);
			dependencies = (
			);
			name = TestDeliveryApp;
			productName = TestDeliveryApp;
			productReference = 84E112F529DC43D9007A9056 /* TestDeliveryApp.app */;
			productType = "com.apple.product-type.application";
		};
/* End PBXNativeTarget section */

/* Begin PBXProject section */
		84E112ED29DC43D9007A9056 /* Project object */ = {
			isa = PBXProject;
			attributes = {
				BuildIndependentTargetsInParallel = 1;
				LastSwiftUpdateCheck = 1420;
				LastUpgradeCheck = 1420;
				TargetAttributes = {
					84E112F429DC43D9007A9056 = {
						CreatedOnToolsVersion = 14.2;
					};
				};
			};
			buildConfigurationList = 84E112F029DC43D9007A9056 /* Build configuration list for PBXProject "TestDeliveryApp" */;
			compatibilityVersion = "Xcode 13.0";
			developmentRegion = en;
			hasScannedForEncodings = 0;
			knownRegions = (
				en,
				Base,
			);
			mainGroup = 84E112EC29DC43D9007A9056;
			productRefGroup = 84E112F629DC43D9007A9056 /* Products */;
			projectDirPath = "";
			projectRoot = "";
			targets = (
				84E112F429DC43D9007A9056 /* TestDeliveryApp */,
			);
		};
/* End PBXProject section */

/* Begin PBXResourcesBuildPhase section */
		84E112F329DC43D9007A9056 /* Resources */ = {
			isa = PBXResourcesBuildPhase;
			buildActionMask = 2147483647;
			files = (
				84E1130529DC43DA007A9056 /* LaunchScreen.storyboard in Resources */,
				84E1130229DC43DA007A9056 /* Assets.xcassets in Resources */,
			);
			runOnlyForDeploymentPostprocessing = 0;
		};
/* End PBXResourcesBuildPhase section */

/* Begin PBXShellScriptBuildPhase section */
		787413300C7EFF5D94009517 /* [CP] Embed Pods Frameworks */ = {
			isa = PBXShellScriptBuildPhase;
			buildActionMask = 2147483647;
			files = (
			);
			inputFileListPaths = (
				"${PODS_ROOT}/Target Support Files/Pods-TestDeliveryApp/Pods-TestDeliveryApp-frameworks-${CONFIGURATION}-input-files.xcfilelist",
			);
			name = "[CP] Embed Pods Frameworks";
			outputFileListPaths = (
				"${PODS_ROOT}/Target Support Files/Pods-TestDeliveryApp/Pods-TestDeliveryApp-frameworks-${CONFIGURATION}-output-files.xcfilelist",
			);
			runOnlyForDeploymentPostprocessing = 0;
			shellPath = /bin/sh;
			shellScript = "\"${PODS_ROOT}/Target Support Files/Pods-TestDeliveryApp/Pods-TestDeliveryApp-frameworks.sh\"\n";
			showEnvVarsInLog = 0;
		};
		BAA2D611F9797BD0C6E6A191 /* [CP] Check Pods Manifest.lock */ = {
			isa = PBXShellScriptBuildPhase;
			buildActionMask = 2147483647;
			files = (
			);
			inputFileListPaths = (
			);
			inputPaths = (
				"${PODS_PODFILE_DIR_PATH}/Podfile.lock",
				"${PODS_ROOT}/Manifest.lock",
			);
			name = "[CP] Check Pods Manifest.lock";
			outputFileListPaths = (
			);
			outputPaths = (
				"$(DERIVED_FILE_DIR)/Pods-TestDeliveryApp-checkManifestLockResult.txt",
			);
			runOnlyForDeploymentPostprocessing = 0;
			shellPath = /bin/sh;
			shellScript = "diff \"${PODS_PODFILE_DIR_PATH}/Podfile.lock\" \"${PODS_ROOT}/Manifest.lock\" > /dev/null\nif [ $? != 0 ] ; then\n    # print error to STDERR\n    echo \"error: The sandbox is not in sync with the Podfile.lock. Run 'pod install' or update your CocoaPods installation.\" >&2\n    exit 1\nfi\n# This output is used by Xcode 'outputs' to avoid re-running this script phase.\necho \"SUCCESS\" > \"${SCRIPT_OUTPUT_FILE_0}\"\n";
			showEnvVarsInLog = 0;
		};
/* End PBXShellScriptBuildPhase section */

/* Begin PBXSourcesBuildPhase section */
		84E112F129DC43D9007A9056 /* Sources */ = {
			isa = PBXSourcesBuildPhase;
			buildActionMask = 2147483647;
			files = (
				84E1131529DC453D007A9056 /* Errors.swift in Sources */,
				84E1132729DC467D007A9056 /* ContactsViewController.swift in Sources */,
				84E112F929DC43D9007A9056 /* AppDelegate.swift in Sources */,
				84E1132529DC465E007A9056 /* CartViewController.swift in Sources */,
				84E1131729DC4557007A9056 /* Categories.swift in Sources */,
				84E1133429DC4872007A9056 /* NetworkService.swift in Sources */,
				84E1131B29DC456B007A9056 /* MealDetails.swift in Sources */,
				84E1132929DC469E007A9056 /* ProfileViewController.swift in Sources */,
				84E1133229DC47A7007A9056 /* MenuViewController.swift in Sources */,
				84E1132329DC4606007A9056 /* TabBarViewController.swift in Sources */,
				84E1133029DC478A007A9056 /* MenuPresenter.swift in Sources */,
				84E1132E29DC476F007A9056 /* MenuBuilder.swift in Sources */,
				84E1133629DC4892007A9056 /* StartService.swift in Sources */,
				84E1132129DC45FB007A9056 /* IViewControllers.swift in Sources */,
				84E1131329DC4518007A9056 /* MenuConstants.swift in Sources */,
				84E1131929DC4561007A9056 /* Meal.swift in Sources */,
				84E1132C29DC46D4007A9056 /* BannersCollectionViewCell.swift in Sources */,
				84E1131129DC44F2007A9056 /* BannersConstant.swift in Sources */,
				84E1133829DC4B37007A9056 /* CategoriesCollectionViewCell.swift in Sources */,
			);
			runOnlyForDeploymentPostprocessing = 0;
		};
/* End PBXSourcesBuildPhase section */

/* Begin PBXVariantGroup section */
		84E1130329DC43DA007A9056 /* LaunchScreen.storyboard */ = {
			isa = PBXVariantGroup;
			children = (
				84E1130429DC43DA007A9056 /* Base */,
			);
			name = LaunchScreen.storyboard;
			sourceTree = "<group>";
		};
/* End PBXVariantGroup section */

/* Begin XCBuildConfiguration section */
		84E1130729DC43DA007A9056 /* Debug */ = {
			isa = XCBuildConfiguration;
			buildSettings = {
				ALWAYS_SEARCH_USER_PATHS = NO;
				CLANG_ANALYZER_NONNULL = YES;
				CLANG_ANALYZER_NUMBER_OBJECT_CONVERSION = YES_AGGRESSIVE;
				CLANG_CXX_LANGUAGE_STANDARD = "gnu++20";
				CLANG_ENABLE_MODULES = YES;
				CLANG_ENABLE_OBJC_ARC = YES;
				CLANG_ENABLE_OBJC_WEAK = YES;
				CLANG_WARN_BLOCK_CAPTURE_AUTORELEASING = YES;
				CLANG_WARN_BOOL_CONVERSION = YES;
				CLANG_WARN_COMMA = YES;
				CLANG_WARN_CONSTANT_CONVERSION = YES;
				CLANG_WARN_DEPRECATED_OBJC_IMPLEMENTATIONS = YES;
				CLANG_WARN_DIRECT_OBJC_ISA_USAGE = YES_ERROR;
				CLANG_WARN_DOCUMENTATION_COMMENTS = YES;
				CLANG_WARN_EMPTY_BODY = YES;
				CLANG_WARN_ENUM_CONVERSION = YES;
				CLANG_WARN_INFINITE_RECURSION = YES;
				CLANG_WARN_INT_CONVERSION = YES;
				CLANG_WARN_NON_LITERAL_NULL_CONVERSION = YES;
				CLANG_WARN_OBJC_IMPLICIT_RETAIN_SELF = YES;
				CLANG_WARN_OBJC_LITERAL_CONVERSION = YES;
				CLANG_WARN_OBJC_ROOT_CLASS = YES_ERROR;
				CLANG_WARN_QUOTED_INCLUDE_IN_FRAMEWORK_HEADER = YES;
				CLANG_WARN_RANGE_LOOP_ANALYSIS = YES;
				CLANG_WARN_STRICT_PROTOTYPES = YES;
				CLANG_WARN_SUSPICIOUS_MOVE = YES;
				CLANG_WARN_UNGUARDED_AVAILABILITY = YES_AGGRESSIVE;
				CLANG_WARN_UNREACHABLE_CODE = YES;
				CLANG_WARN__DUPLICATE_METHOD_MATCH = YES;
				COPY_PHASE_STRIP = NO;
				DEBUG_INFORMATION_FORMAT = dwarf;
				ENABLE_STRICT_OBJC_MSGSEND = YES;
				ENABLE_TESTABILITY = YES;
				GCC_C_LANGUAGE_STANDARD = gnu11;
				GCC_DYNAMIC_NO_PIC = NO;
				GCC_NO_COMMON_BLOCKS = YES;
				GCC_OPTIMIZATION_LEVEL = 0;
				GCC_PREPROCESSOR_DEFINITIONS = (
					"DEBUG=1",
					"$(inherited)",
				);
				GCC_WARN_64_TO_32_BIT_CONVERSION = YES;
				GCC_WARN_ABOUT_RETURN_TYPE = YES_ERROR;
				GCC_WARN_UNDECLARED_SELECTOR = YES;
				GCC_WARN_UNINITIALIZED_AUTOS = YES_AGGRESSIVE;
				GCC_WARN_UNUSED_FUNCTION = YES;
				GCC_WARN_UNUSED_VARIABLE = YES;
				IPHONEOS_DEPLOYMENT_TARGET = 16.2;
				MTL_ENABLE_DEBUG_INFO = INCLUDE_SOURCE;
				MTL_FAST_MATH = YES;
				ONLY_ACTIVE_ARCH = YES;
				SDKROOT = iphoneos;
				SWIFT_ACTIVE_COMPILATION_CONDITIONS = DEBUG;
				SWIFT_OPTIMIZATION_LEVEL = "-Onone";
			};
			name = Debug;
		};
		84E1130829DC43DA007A9056 /* Release */ = {
			isa = XCBuildConfiguration;
			buildSettings = {
				ALWAYS_SEARCH_USER_PATHS = NO;
				CLANG_ANALYZER_NONNULL = YES;
				CLANG_ANALYZER_NUMBER_OBJECT_CONVERSION = YES_AGGRESSIVE;
				CLANG_CXX_LANGUAGE_STANDARD = "gnu++20";
				CLANG_ENABLE_MODULES = YES;
				CLANG_ENABLE_OBJC_ARC = YES;
				CLANG_ENABLE_OBJC_WEAK = YES;
				CLANG_WARN_BLOCK_CAPTURE_AUTORELEASING = YES;
				CLANG_WARN_BOOL_CONVERSION = YES;
				CLANG_WARN_COMMA = YES;
				CLANG_WARN_CONSTANT_CONVERSION = YES;
				CLANG_WARN_DEPRECATED_OBJC_IMPLEMENTATIONS = YES;
				CLANG_WARN_DIRECT_OBJC_ISA_USAGE = YES_ERROR;
				CLANG_WARN_DOCUMENTATION_COMMENTS = YES;
				CLANG_WARN_EMPTY_BODY = YES;
				CLANG_WARN_ENUM_CONVERSION = YES;
				CLANG_WARN_INFINITE_RECURSION = YES;
				CLANG_WARN_INT_CONVERSION = YES;
				CLANG_WARN_NON_LITERAL_NULL_CONVERSION = YES;
				CLANG_WARN_OBJC_IMPLICIT_RETAIN_SELF = YES;
				CLANG_WARN_OBJC_LITERAL_CONVERSION = YES;
				CLANG_WARN_OBJC_ROOT_CLASS = YES_ERROR;
				CLANG_WARN_QUOTED_INCLUDE_IN_FRAMEWORK_HEADER = YES;
				CLANG_WARN_RANGE_LOOP_ANALYSIS = YES;
				CLANG_WARN_STRICT_PROTOTYPES = YES;
				CLANG_WARN_SUSPICIOUS_MOVE = YES;
				CLANG_WARN_UNGUARDED_AVAILABILITY = YES_AGGRESSIVE;
				CLANG_WARN_UNREACHABLE_CODE = YES;
				CLANG_WARN__DUPLICATE_METHOD_MATCH = YES;
				COPY_PHASE_STRIP = NO;
				DEBUG_INFORMATION_FORMAT = "dwarf-with-dsym";
				ENABLE_NS_ASSERTIONS = NO;
				ENABLE_STRICT_OBJC_MSGSEND = YES;
				GCC_C_LANGUAGE_STANDARD = gnu11;
				GCC_NO_COMMON_BLOCKS = YES;
				GCC_WARN_64_TO_32_BIT_CONVERSION = YES;
				GCC_WARN_ABOUT_RETURN_TYPE = YES_ERROR;
				GCC_WARN_UNDECLARED_SELECTOR = YES;
				GCC_WARN_UNINITIALIZED_AUTOS = YES_AGGRESSIVE;
				GCC_WARN_UNUSED_FUNCTION = YES;
				GCC_WARN_UNUSED_VARIABLE = YES;
				IPHONEOS_DEPLOYMENT_TARGET = 16.2;
				MTL_ENABLE_DEBUG_INFO = NO;
				MTL_FAST_MATH = YES;
				SDKROOT = iphoneos;
				SWIFT_COMPILATION_MODE = wholemodule;
				SWIFT_OPTIMIZATION_LEVEL = "-O";
				VALIDATE_PRODUCT = YES;
			};
			name = Release;
		};
		84E1130A29DC43DA007A9056 /* Debug */ = {
			isa = XCBuildConfiguration;
			baseConfigurationReference = E9720291103F6A62F37B06FD /* Pods-TestDeliveryApp.debug.xcconfig */;
			buildSettings = {
				ASSETCATALOG_COMPILER_APPICON_NAME = AppIcon;
				ASSETCATALOG_COMPILER_GLOBAL_ACCENT_COLOR_NAME = AccentColor;
				CODE_SIGN_STYLE = Automatic;
				CURRENT_PROJECT_VERSION = 1;
				DEVELOPMENT_TEAM = 9MHYTDB9DP;
				GENERATE_INFOPLIST_FILE = YES;
				INFOPLIST_FILE = TestDeliveryApp/Info.plist;
				INFOPLIST_KEY_UIApplicationSupportsIndirectInputEvents = YES;
				INFOPLIST_KEY_UILaunchStoryboardName = LaunchScreen;
				INFOPLIST_KEY_UISupportedInterfaceOrientations_iPad = "UIInterfaceOrientationPortrait UIInterfaceOrientationPortraitUpsideDown UIInterfaceOrientationLandscapeLeft UIInterfaceOrientationLandscapeRight";
				INFOPLIST_KEY_UISupportedInterfaceOrientations_iPhone = "UIInterfaceOrientationPortrait UIInterfaceOrientationLandscapeLeft UIInterfaceOrientationLandscapeRight";
				LD_RUNPATH_SEARCH_PATHS = (
					"$(inherited)",
					"@executable_path/Frameworks",
				);
				MARKETING_VERSION = 1.0;
				PRODUCT_BUNDLE_IDENTIFIER = e.vorontsova.TestDeliveryApp;
				PRODUCT_NAME = "$(TARGET_NAME)";
				SWIFT_EMIT_LOC_STRINGS = YES;
				SWIFT_VERSION = 5.0;
				TARGETED_DEVICE_FAMILY = "1,2";
			};
			name = Debug;
		};
		84E1130B29DC43DA007A9056 /* Release */ = {
			isa = XCBuildConfiguration;
			baseConfigurationReference = 2CD9DF40C210F58270516DD1 /* Pods-TestDeliveryApp.release.xcconfig */;
			buildSettings = {
				ASSETCATALOG_COMPILER_APPICON_NAME = AppIcon;
				ASSETCATALOG_COMPILER_GLOBAL_ACCENT_COLOR_NAME = AccentColor;
				CODE_SIGN_STYLE = Automatic;
				CURRENT_PROJECT_VERSION = 1;
				DEVELOPMENT_TEAM = 9MHYTDB9DP;
				GENERATE_INFOPLIST_FILE = YES;
				INFOPLIST_FILE = TestDeliveryApp/Info.plist;
				INFOPLIST_KEY_UIApplicationSupportsIndirectInputEvents = YES;
				INFOPLIST_KEY_UILaunchStoryboardName = LaunchScreen;
				INFOPLIST_KEY_UISupportedInterfaceOrientations_iPad = "UIInterfaceOrientationPortrait UIInterfaceOrientationPortraitUpsideDown UIInterfaceOrientationLandscapeLeft UIInterfaceOrientationLandscapeRight";
				INFOPLIST_KEY_UISupportedInterfaceOrientations_iPhone = "UIInterfaceOrientationPortrait UIInterfaceOrientationLandscapeLeft UIInterfaceOrientationLandscapeRight";
				LD_RUNPATH_SEARCH_PATHS = (
					"$(inherited)",
					"@executable_path/Frameworks",
				);
				MARKETING_VERSION = 1.0;
				PRODUCT_BUNDLE_IDENTIFIER = e.vorontsova.TestDeliveryApp;
				PRODUCT_NAME = "$(TARGET_NAME)";
				SWIFT_EMIT_LOC_STRINGS = YES;
				SWIFT_VERSION = 5.0;
				TARGETED_DEVICE_FAMILY = "1,2";
			};
			name = Release;
		};
/* End XCBuildConfiguration section */

/* Begin XCConfigurationList section */
		84E112F029DC43D9007A9056 /* Build configuration list for PBXProject "TestDeliveryApp" */ = {
			isa = XCConfigurationList;
			buildConfigurations = (
				84E1130729DC43DA007A9056 /* Debug */,
				84E1130829DC43DA007A9056 /* Release */,
			);
			defaultConfigurationIsVisible = 0;
			defaultConfigurationName = Release;
		};
		84E1130929DC43DA007A9056 /* Build configuration list for PBXNativeTarget "TestDeliveryApp" */ = {
			isa = XCConfigurationList;
			buildConfigurations = (
				84E1130A29DC43DA007A9056 /* Debug */,
				84E1130B29DC43DA007A9056 /* Release */,
			);
			defaultConfigurationIsVisible = 0;
			defaultConfigurationName = Release;
		};
/* End XCConfigurationList section */
	};
	rootObject = 84E112ED29DC43D9007A9056 /* Project object */;
}
